PODS:
  - Flutter (1.0.0)
  - touch_ripple_effect (0.0.1):
    - Flutter

DEPENDENCIES:
  - Flutter (from `Flutter`)
  - touch_ripple_effect (from `.symlinks/plugins/touch_ripple_effect/ios`)

EXTERNAL SOURCES:
  Flutter:
    :path: Flutter
  touch_ripple_effect:
    :path: ".symlinks/plugins/touch_ripple_effect/ios"

SPEC CHECKSUMS:
  Flutter: f04841e97a9d0b0a8025694d0796dd46242b2854
  touch_ripple_effect: 5b850cbec069237959ef95e7e81e7ee7f934ac76

PODFILE CHECKSUM: 70d9d25280d0dd177a5f637cdb0f0b0b12c6a189

COCOAPODS: 1.11.3
